
Microsoft Visual Studio Solution File, Format Version 12.00
Project("{FAE04EC0-301F-11D3-BF4B-00C04F79EFBC}") = "mcp.helloworld", "mcp.helloworld\mcp.helloworld.csproj", "{9F1A235A-C1F2-4510-8594-C92300CA6AF0}"
EndProject
Global
	GlobalSection(SolutionConfigurationPlatforms) = preSolution
		Debug|Any CPU = Debug|Any CPU
		Release|Any CPU = Release|Any CPU
	EndGlobalSection
	GlobalSection(ProjectConfigurationPlatforms) = postSolution
		{9F1A235A-C1F2-4510-8594-C92300CA6AF0}.Debug|Any CPU.ActiveCfg = Debug|Any CPU
		{9F1A235A-C1F2-4510-8594-C92300CA6AF0}.Debug|Any CPU.Build.0 = Debug|Any CPU
		{9F1A235A-C1F2-4510-8594-C92300CA6AF0}.Release|Any CPU.ActiveCfg = Release|Any CPU
		{9F1A235A-C1F2-4510-8594-C92300CA6AF0}.Release|Any CPU.Build.0 = Release|Any CPU
	EndGlobalSection
EndGlobal
